
Microsoft Visual Studio Solution File, Format Version 12.00
# Visual Studio 2013
VisualStudioVersion = 12.0.30501.0
MinimumVisualStudioVersion = 10.0.40219.1
Project("{FAE04EC0-301F-11D3-BF4B-00C04F79EFBC}") = "TypeScriptDemo", "TypeScriptDemo\TypeScriptDemo.csproj", "{E32A5D9E-6DBB-4086-AE0A-260C45BAFBCC}"
EndProject
Global
	GlobalSection(SolutionConfigurationPlatforms) = preSolution
		Debug|Any CPU = Debug|Any CPU
		Release|Any CPU = Release|Any CPU
	EndGlobalSection
	GlobalSection(ProjectConfigurationPlatforms) = postSolution
		{E32A5D9E-6DBB-4086-AE0A-260C45BAFBCC}.Debug|Any CPU.ActiveCfg = Debug|Any CPU
		{E32A5D9E-6DBB-4086-AE0A-260C45BAFBCC}.Debug|Any CPU.Build.0 = Debug|Any CPU
		{E32A5D9E-6DBB-4086-AE0A-260C45BAFBCC}.Release|Any CPU.ActiveCfg = Release|Any CPU
		{E32A5D9E-6DBB-4086-AE0A-260C45BAFBCC}.Release|Any CPU.Build.0 = Release|Any CPU
	EndGlobalSection
	GlobalSection(SolutionProperties) = preSolution
		HideSolutionNode = FALSE
	EndGlobalSection
EndGlobal
